
Microsoft Visual Studio Solution File, Format Version 12.00
# Visual Studio Version 16
VisualStudioVersion = 16.0.31205.134
MinimumVisualStudioVersion = 10.0.40219.1
Project("{9A19103F-16F7-4668-BE54-9A1E7A4F7556}") = "server", "server\server.csproj", "{C4914FC6-2C13-41FB-A6CB-73C9E5581D94}"
EndProject
Global
	GlobalSection(SolutionConfigurationPlatforms) = preSolution
		Debug|Any CPU = Debug|Any CPU
		Release|Any CPU = Release|Any CPU
	EndGlobalSection
	GlobalSection(ProjectConfigurationPlatforms) = postSolution
		{C4914FC6-2C13-41FB-A6CB-73C9E5581D94}.Debug|Any CPU.ActiveCfg = Debug|Any CPU
		{C4914FC6-2C13-41FB-A6CB-73C9E5581D94}.Debug|Any CPU.Build.0 = Debug|Any CPU
		{C4914FC6-2C13-41FB-A6CB-73C9E5581D94}.Release|Any CPU.ActiveCfg = Release|Any CPU
		{C4914FC6-2C13-41FB-A6CB-73C9E5581D94}.Release|Any CPU.Build.0 = Release|Any CPU
	EndGlobalSection
	GlobalSection(SolutionProperties) = preSolution
		HideSolutionNode = FALSE
	EndGlobalSection
	GlobalSection(ExtensibilityGlobals) = postSolution
		SolutionGuid = {4FDD48BE-9DB5-4004-87AE-2E9A45CF39F3}
	EndGlobalSection
EndGlobal
